
Microsoft Visual Studio Solution File, Format Version 12.00
# Visual Studio 15
VisualStudioVersion = 15.0.27004.2008
MinimumVisualStudioVersion = 10.0.40219.1
Project("{FAE04EC0-301F-11D3-BF4B-00C04F79EFBC}") = "CommunicationService.Android", "CommunicationService\CommunicationService.Android\CommunicationService.Android.csproj", "{73FB5AB5-E44D-4C6D-B0EF-E56DAD192EFB}"
EndProject
Project("{FAE04EC0-301F-11D3-BF4B-00C04F79EFBC}") = "CommunicationService.iOS", "CommunicationService\CommunicationService.iOS\CommunicationService.iOS.csproj", "{86E8F51E-8850-41DD-B0F2-5EA5830B340A}"
EndProject
Project("{FAE04EC0-301F-11D3-BF4B-00C04F79EFBC}") = "CommunicationService.Core", "CommunicationService\CommunicationService.Core\CommunicationService.Core.csproj", "{16CDE01C-05DF-416D-8365-A929816573A1}"
EndProject
Global
	GlobalSection(SolutionConfigurationPlatforms) = preSolution
		Debug|Any CPU = Debug|Any CPU
		Debug|iPhone = Debug|iPhone
		Debug|iPhoneSimulator = Debug|iPhoneSimulator
		Release|Any CPU = Release|Any CPU
		Release|iPhone = Release|iPhone
		Release|iPhoneSimulator = Release|iPhoneSimulator
	EndGlobalSection
	GlobalSection(ProjectConfigurationPlatforms) = postSolution
		{73FB5AB5-E44D-4C6D-B0EF-E56DAD192EFB}.Debug|Any CPU.ActiveCfg = Debug|Any CPU
		{73FB5AB5-E44D-4C6D-B0EF-E56DAD192EFB}.Debug|Any CPU.Build.0 = Debug|Any CPU
		{73FB5AB5-E44D-4C6D-B0EF-E56DAD192EFB}.Debug|Any CPU.Deploy.0 = Debug|Any CPU
		{73FB5AB5-E44D-4C6D-B0EF-E56DAD192EFB}.Debug|iPhone.ActiveCfg = Debug|Any CPU
		{73FB5AB5-E44D-4C6D-B0EF-E56DAD192EFB}.Debug|iPhone.Build.0 = Debug|Any CPU
		{73FB5AB5-E44D-4C6D-B0EF-E56DAD192EFB}.Debug|iPhone.Deploy.0 = Debug|Any CPU
		{73FB5AB5-E44D-4C6D-B0EF-E56DAD192EFB}.Debug|iPhoneSimulator.ActiveCfg = Debug|Any CPU
		{73FB5AB5-E44D-4C6D-B0EF-E56DAD192EFB}.Debug|iPhoneSimulator.Build.0 = Debug|Any CPU
		{73FB5AB5-E44D-4C6D-B0EF-E56DAD192EFB}.Debug|iPhoneSimulator.Deploy.0 = Debug|Any CPU
		{73FB5AB5-E44D-4C6D-B0EF-E56DAD192EFB}.Release|Any CPU.ActiveCfg = Release|Any CPU
		{73FB5AB5-E44D-4C6D-B0EF-E56DAD192EFB}.Release|Any CPU.Build.0 = Release|Any CPU
		{73FB5AB5-E44D-4C6D-B0EF-E56DAD192EFB}.Release|Any CPU.Deploy.0 = Release|Any CPU
		{73FB5AB5-E44D-4C6D-B0EF-E56DAD192EFB}.Release|iPhone.ActiveCfg = Release|Any CPU
		{73FB5AB5-E44D-4C6D-B0EF-E56DAD192EFB}.Release|iPhone.Build.0 = Release|Any CPU
		{73FB5AB5-E44D-4C6D-B0EF-E56DAD192EFB}.Release|iPhone.Deploy.0 = Release|Any CPU
		{73FB5AB5-E44D-4C6D-B0EF-E56DAD192EFB}.Release|iPhoneSimulator.ActiveCfg = Release|Any CPU
		{73FB5AB5-E44D-4C6D-B0EF-E56DAD192EFB}.Release|iPhoneSimulator.Build.0 = Release|Any CPU
		{73FB5AB5-E44D-4C6D-B0EF-E56DAD192EFB}.Release|iPhoneSimulator.Deploy.0 = Release|Any CPU
		{86E8F51E-8850-41DD-B0F2-5EA5830B340A}.Debug|Any CPU.ActiveCfg = Debug|iPhoneSimulator
		{86E8F51E-8850-41DD-B0F2-5EA5830B340A}.Debug|iPhone.ActiveCfg = Debug|iPhone
		{86E8F51E-8850-41DD-B0F2-5EA5830B340A}.Debug|iPhone.Build.0 = Debug|iPhone
		{86E8F51E-8850-41DD-B0F2-5EA5830B340A}.Debug|iPhoneSimulator.ActiveCfg = Debug|iPhoneSimulator
		{86E8F51E-8850-41DD-B0F2-5EA5830B340A}.Debug|iPhoneSimulator.Build.0 = Debug|iPhoneSimulator
		{86E8F51E-8850-41DD-B0F2-5EA5830B340A}.Release|Any CPU.ActiveCfg = Release|iPhoneSimulator
		{86E8F51E-8850-41DD-B0F2-5EA5830B340A}.Release|iPhone.ActiveCfg = Release|iPhone
		{86E8F51E-8850-41DD-B0F2-5EA5830B340A}.Release|iPhone.Build.0 = Release|iPhone
		{86E8F51E-8850-41DD-B0F2-5EA5830B340A}.Release|iPhoneSimulator.ActiveCfg = Release|iPhoneSimulator
		{86E8F51E-8850-41DD-B0F2-5EA5830B340A}.Release|iPhoneSimulator.Build.0 = Release|iPhoneSimulator
		{16CDE01C-05DF-416D-8365-A929816573A1}.Debug|Any CPU.ActiveCfg = Debug|Any CPU
		{16CDE01C-05DF-416D-8365-A929816573A1}.Debug|Any CPU.Build.0 = Debug|Any CPU
		{16CDE01C-05DF-416D-8365-A929816573A1}.Debug|iPhone.ActiveCfg = Debug|Any CPU
		{16CDE01C-05DF-416D-8365-A929816573A1}.Debug|iPhone.Build.0 = Debug|Any CPU
		{16CDE01C-05DF-416D-8365-A929816573A1}.Debug|iPhoneSimulator.ActiveCfg = Debug|Any CPU
		{16CDE01C-05DF-416D-8365-A929816573A1}.Debug|iPhoneSimulator.Build.0 = Debug|Any CPU
		{16CDE01C-05DF-416D-8365-A929816573A1}.Release|Any CPU.ActiveCfg = Release|Any CPU
		{16CDE01C-05DF-416D-8365-A929816573A1}.Release|Any CPU.Build.0 = Release|Any CPU
		{16CDE01C-05DF-416D-8365-A929816573A1}.Release|iPhone.ActiveCfg = Release|Any CPU
		{16CDE01C-05DF-416D-8365-A929816573A1}.Release|iPhone.Build.0 = Release|Any CPU
		{16CDE01C-05DF-416D-8365-A929816573A1}.Release|iPhoneSimulator.ActiveCfg = Release|Any CPU
		{16CDE01C-05DF-416D-8365-A929816573A1}.Release|iPhoneSimulator.Build.0 = Release|Any CPU
	EndGlobalSection
	GlobalSection(SolutionProperties) = preSolution
		HideSolutionNode = FALSE
	EndGlobalSection
	GlobalSection(ExtensibilityGlobals) = postSolution
		SolutionGuid = {E1B9D301-FF91-4D24-BBC1-26841D3D7DF8}
	EndGlobalSection
EndGlobal
